{
  "lib/ccip": {
    "rev": "ae80e255dbe38e0f2536d5a36b0990a7b4d9a0d2"
  },
  "lib/chainlink-local": {
    "rev": "9fbeafb68cef6adbdd062e96d6f6dbc4cdb27142"
  },
  "lib/forge-std": {
    "rev": "77041d2ce690e692d6e03cc812b57d1ddaa4d505"
  },
  "lib/openzeppelin-contracts": {
    "tag": {
      "name": "v5.4.0",
      "rev": "c64a1edb67b6e3f4a15cca8909c9482ad33a02b0"
    }
  }
}